{
  "name": "npm-lodash",
  "version": "1.0.0",
  "lockfileVersion": 2,
  "requires": true,
  "packages": {
    "": {
      "name": "npm-lodash",
      "version": "1.0.0",
      "license": "ISC",
      "dependencies": {
        "cookie": "0.1.2",
        "lodash": "^4.17.21",
        "npm-lodash": "^1.0.8"
      }
    },
    "node_modules/cookie": {
      "version": "0.1.2",
      "engines": {
        "node": "*"
      }
    },
    "node_modules/lodash": {
      "version": "4.17.21",
      "resolved": "https://cwolters-nxrm.sonatypedev.com/repository/npm-proxy/lodash/-/lodash-4.17.21.tgz",
      "integrity": "sha512-v2kDEe57lecTulaDIuNTPy3Ry4gLGJ6Z1O3vE1krgXZNrsQ+LFTGHVxVjcXPs17LhbZVGedAJv8XZ1tvj5FvSg==",
      "license": "MIT"
    },
    "node_modules/npm-lodash": {
      "version": "1.0.8",
      "license": "ISC"
    }
  },
  "dependencies": {
    "cookie": {
      "version": "0.1.2"
    },
    "lodash": {
      "version": "4.17.21",
      "resolved": "https://cwolters-nxrm.sonatypedev.com/repository/npm-proxy/lodash/-/lodash-4.17.21.tgz",
      "integrity": "sha512-v2kDEe57lecTulaDIuNTPy3Ry4gLGJ6Z1O3vE1krgXZNrsQ+LFTGHVxVjcXPs17LhbZVGedAJv8XZ1tvj5FvSg=="
    },
    "npm-lodash": {
      "version": "1.0.8"
    }
  }
}
